
Microsoft Visual Studio Solution File, Format Version 12.00
# Visual Studio Version 17
VisualStudioVersion = 17.6.33712.159
MinimumVisualStudioVersion = 10.0.40219.1
Project("{9A19103F-16F7-4668-BE54-9A1E7A4F7556}") = "QuakeAnalyst", "QuakeAnalyst.csproj", "{D1C7F987-3E06-415E-83FA-42810D43D5A9}"
EndProject
Project("{FAE04EC0-301F-11D3-BF4B-00C04F79EFBC}") = "OrhanaydogduApiClient", "..\OrhanaydogduApiClient\OrhanaydogduApiClient.csproj", "{16A11326-97C7-4D68-BD87-105734DF2ECB}"
EndProject
Project("{FAE04EC0-301F-11D3-BF4B-00C04F79EFBC}") = "ApplicationCore", "..\ApplicationCore\ApplicationCore.csproj", "{3A851B80-B34B-4142-9790-DA874DF60734}"
EndProject
Global
	GlobalSection(SolutionConfigurationPlatforms) = preSolution
		Debug|Any CPU = Debug|Any CPU
		Release|Any CPU = Release|Any CPU
	EndGlobalSection
	GlobalSection(ProjectConfigurationPlatforms) = postSolution
		{D1C7F987-3E06-415E-83FA-42810D43D5A9}.Debug|Any CPU.ActiveCfg = Debug|Any CPU
		{D1C7F987-3E06-415E-83FA-42810D43D5A9}.Debug|Any CPU.Build.0 = Debug|Any CPU
		{D1C7F987-3E06-415E-83FA-42810D43D5A9}.Release|Any CPU.ActiveCfg = Release|Any CPU
		{D1C7F987-3E06-415E-83FA-42810D43D5A9}.Release|Any CPU.Build.0 = Release|Any CPU
		{16A11326-97C7-4D68-BD87-105734DF2ECB}.Debug|Any CPU.ActiveCfg = Debug|Any CPU
		{16A11326-97C7-4D68-BD87-105734DF2ECB}.Debug|Any CPU.Build.0 = Debug|Any CPU
		{16A11326-97C7-4D68-BD87-105734DF2ECB}.Release|Any CPU.ActiveCfg = Release|Any CPU
		{16A11326-97C7-4D68-BD87-105734DF2ECB}.Release|Any CPU.Build.0 = Release|Any CPU
		{3A851B80-B34B-4142-9790-DA874DF60734}.Debug|Any CPU.ActiveCfg = Debug|Any CPU
		{3A851B80-B34B-4142-9790-DA874DF60734}.Debug|Any CPU.Build.0 = Debug|Any CPU
		{3A851B80-B34B-4142-9790-DA874DF60734}.Release|Any CPU.ActiveCfg = Release|Any CPU
		{3A851B80-B34B-4142-9790-DA874DF60734}.Release|Any CPU.Build.0 = Release|Any CPU
	EndGlobalSection
	GlobalSection(SolutionProperties) = preSolution
		HideSolutionNode = FALSE
	EndGlobalSection
	GlobalSection(ExtensibilityGlobals) = postSolution
		SolutionGuid = {2CA05F64-8135-40C2-AD0D-E4AC6090EE1E}
	EndGlobalSection
EndGlobal
